
Microsoft Visual Studio Solution File, Format Version 12.00
# Visual Studio Version 16
VisualStudioVersion = 16.0.32413.511
MinimumVisualStudioVersion = 10.0.40219.1
Project("{2150E333-8FDC-42A3-9474-1A3956D46DE8}") = "ParManager", "ParManager", "{8802393D-DA54-4EB5-8CBD-370120D2F327}"
EndProject
Project("{9A19103F-16F7-4668-BE54-9A1E7A4F7556}") = "ParTool", "ParManager\ParTool\ParTool.csproj", "{02196AD4-D00F-4989-AB9A-593B191F47EA}"
EndProject
Project("{9A19103F-16F7-4668-BE54-9A1E7A4F7556}") = "ParLibrary", "ParManager\ParLibrary\ParLibrary.csproj", "{2AAA035A-5FEF-412B-9A5B-6F3B214BA63C}"
EndProject
Project("{9A19103F-16F7-4668-BE54-9A1E7A4F7556}") = "ParShellExtension", "ParShellExtension\ParShellExtension.csproj", "{74E28F8E-C75F-4E26-9392-3E723D50136A}"
EndProject
Global
	GlobalSection(SolutionConfigurationPlatforms) = preSolution
		Debug|Any CPU = Debug|Any CPU
		Debug|x64 = Debug|x64
		Release|Any CPU = Release|Any CPU
		Release|x64 = Release|x64
	EndGlobalSection
	GlobalSection(ProjectConfigurationPlatforms) = postSolution
		{02196AD4-D00F-4989-AB9A-593B191F47EA}.Debug|Any CPU.ActiveCfg = Debug|Any CPU
		{02196AD4-D00F-4989-AB9A-593B191F47EA}.Debug|Any CPU.Build.0 = Debug|Any CPU
		{02196AD4-D00F-4989-AB9A-593B191F47EA}.Debug|x64.ActiveCfg = Debug|x64
		{02196AD4-D00F-4989-AB9A-593B191F47EA}.Debug|x64.Build.0 = Debug|x64
		{02196AD4-D00F-4989-AB9A-593B191F47EA}.Release|Any CPU.ActiveCfg = Release|Any CPU
		{02196AD4-D00F-4989-AB9A-593B191F47EA}.Release|Any CPU.Build.0 = Release|Any CPU
		{02196AD4-D00F-4989-AB9A-593B191F47EA}.Release|x64.ActiveCfg = Release|x64
		{02196AD4-D00F-4989-AB9A-593B191F47EA}.Release|x64.Build.0 = Release|x64
		{2AAA035A-5FEF-412B-9A5B-6F3B214BA63C}.Debug|Any CPU.ActiveCfg = Debug|Any CPU
		{2AAA035A-5FEF-412B-9A5B-6F3B214BA63C}.Debug|Any CPU.Build.0 = Debug|Any CPU
		{2AAA035A-5FEF-412B-9A5B-6F3B214BA63C}.Debug|x64.ActiveCfg = Debug|x64
		{2AAA035A-5FEF-412B-9A5B-6F3B214BA63C}.Debug|x64.Build.0 = Debug|x64
		{2AAA035A-5FEF-412B-9A5B-6F3B214BA63C}.Release|Any CPU.ActiveCfg = Release|Any CPU
		{2AAA035A-5FEF-412B-9A5B-6F3B214BA63C}.Release|Any CPU.Build.0 = Release|Any CPU
		{2AAA035A-5FEF-412B-9A5B-6F3B214BA63C}.Release|x64.ActiveCfg = Release|x64
		{2AAA035A-5FEF-412B-9A5B-6F3B214BA63C}.Release|x64.Build.0 = Release|x64
		{74E28F8E-C75F-4E26-9392-3E723D50136A}.Debug|Any CPU.ActiveCfg = Debug|Any CPU
		{74E28F8E-C75F-4E26-9392-3E723D50136A}.Debug|Any CPU.Build.0 = Debug|Any CPU
		{74E28F8E-C75F-4E26-9392-3E723D50136A}.Debug|x64.ActiveCfg = Debug|x64
		{74E28F8E-C75F-4E26-9392-3E723D50136A}.Debug|x64.Build.0 = Debug|x64
		{74E28F8E-C75F-4E26-9392-3E723D50136A}.Release|Any CPU.ActiveCfg = Release|Any CPU
		{74E28F8E-C75F-4E26-9392-3E723D50136A}.Release|Any CPU.Build.0 = Release|Any CPU
		{74E28F8E-C75F-4E26-9392-3E723D50136A}.Release|x64.ActiveCfg = Release|x64
		{74E28F8E-C75F-4E26-9392-3E723D50136A}.Release|x64.Build.0 = Release|x64
	EndGlobalSection
	GlobalSection(SolutionProperties) = preSolution
		HideSolutionNode = FALSE
	EndGlobalSection
	GlobalSection(NestedProjects) = preSolution
		{02196AD4-D00F-4989-AB9A-593B191F47EA} = {8802393D-DA54-4EB5-8CBD-370120D2F327}
		{2AAA035A-5FEF-412B-9A5B-6F3B214BA63C} = {8802393D-DA54-4EB5-8CBD-370120D2F327}
	EndGlobalSection
	GlobalSection(ExtensibilityGlobals) = postSolution
		SolutionGuid = {10E98CCE-761C-4D8C-8F6A-62A0ACF0CE74}
	EndGlobalSection
EndGlobal
